// !$*UTF8*$!
{
	archiveVersion = 1;
	classes = {
	};
	objectVersion = 77;
	objects = {

/* Begin PBXBuildFile section */
		0A0000000000000000000014 /* KobolinkKit in Frameworks */ = {isa = PBXBuildFile; productRef = 0A0000000000000000000013 /* KobolinkKit */; };
/* End PBXBuildFile section */

/* Begin PBXFileReference section */
		0A0000000000000000000007 /* Kobolink.app */ = {isa = PBXFileReference; explicitFileType = wrapper.application; includeInIndex = 0; path = Kobolink.app; sourceTree = BUILT_PRODUCTS_DIR; };
		0A0000000000000000000015 /* Base.xcconfig */ = {isa = PBXFileReference; lastKnownFileType = text.xcconfig; path = Base.xcconfig; sourceTree = "<group>"; };
		0A0000000000000000000016 /* Debug.xcconfig */ = {isa = PBXFileReference; lastKnownFileType = text.xcconfig; path = Debug.xcconfig; sourceTree = "<group>"; };
		0A0000000000000000000017 /* Release.xcconfig */ = {isa = PBXFileReference; lastKnownFileType = text.xcconfig; path = Release.xcconfig; sourceTree = "<group>"; };
		0A0000000000000000000018 /* KobolinkKit */ = {isa = PBXFileReference; lastKnownFileType = wrapper; path = KobolinkKit; sourceTree = "<group>"; };
		0A0000000000000000000019 /* OpenAPITooling */ = {isa = PBXFileReference; lastKnownFileType = wrapper; path = OpenAPITooling; sourceTree = "<group>"; };
/* End PBXFileReference section */

/* Begin PBXFileSystemSynchronizedBuildFileExceptionSet section */
		0A0000000000000000000006 /* Exceptions for "Kobolink" folder in "Kobolink" target */ = {
			isa = PBXFileSystemSynchronizedBuildFileExceptionSet;
			membershipExceptions = (
				Info-Debug.plist,
				Info.plist,
			);
			target = 0A0000000000000000000008 /* Kobolink */;
		};
/* End PBXFileSystemSynchronizedBuildFileExceptionSet section */

/* Begin PBXFileSystemSynchronizedRootGroup section */
		0A0000000000000000000005 /* Kobolink */ = {
			isa = PBXFileSystemSynchronizedRootGroup;
			exceptions = (
				0A0000000000000000000006 /* Exceptions for "Kobolink" folder in "Kobolink" target */,
			);
			path = Kobolink;
			sourceTree = "<group>";
		};
/* End PBXFileSystemSynchronizedRootGroup section */

/* Begin PBXFrameworksBuildPhase section */
		0A0000000000000000000010 /* Frameworks */ = {
			isa = PBXFrameworksBuildPhase;
			buildActionMask = 2147483647;
			files = (
				0A0000000000000000000014 /* KobolinkKit in Frameworks */,
			);
			runOnlyForDeploymentPostprocessing = 0;
		};
/* End PBXFrameworksBuildPhase section */

/* Begin PBXGroup section */
		0A0000000000000000000002 = {
			isa = PBXGroup;
			children = (
				0A0000000000000000000005 /* Kobolink */,
				0A0000000000000000000018 /* KobolinkKit */,
				0A0000000000000000000019 /* OpenAPITooling */,
				0A0000000000000000000004 /* Config */,
				0A0000000000000000000003 /* Products */,
			);
			sourceTree = "<group>";
		};
		0A0000000000000000000003 /* Products */ = {
			isa = PBXGroup;
			children = (
				0A0000000000000000000007 /* Kobolink.app */,
			);
			name = Products;
			sourceTree = "<group>";
		};
		0A0000000000000000000004 /* Config */ = {
			isa = PBXGroup;
			children = (
				0A0000000000000000000015 /* Base.xcconfig */,
				0A0000000000000000000016 /* Debug.xcconfig */,
				0A0000000000000000000017 /* Release.xcconfig */,
			);
			path = Config;
			sourceTree = "<group>";
		};
/* End PBXGroup section */

/* Begin PBXNativeTarget section */
		0A0000000000000000000008 /* Kobolink */ = {
			isa = PBXNativeTarget;
			buildConfigurationList = 0A000000000000000000000A /* Build configuration list for PBXNativeTarget "Kobolink" */;
			buildPhases = (
				0A000000000000000000000F /* Sources */,
				0A0000000000000000000010 /* Frameworks */,
				0A0000000000000000000011 /* Resources */,
			);
			buildRules = (
			);
			dependencies = (
			);
			fileSystemSynchronizedGroups = (
				0A0000000000000000000005 /* Kobolink */,
			);
			name = Kobolink;
			packageProductDependencies = (
				0A0000000000000000000013 /* KobolinkKit */,
			);
			productName = Kobolink;
			productReference = 0A0000000000000000000007 /* Kobolink.app */;
			productType = "com.apple.product-type.application";
		};
/* End PBXNativeTarget section */

/* Begin PBXProject section */
		0A0000000000000000000001 /* Project object */ = {
			isa = PBXProject;
			attributes = {
				BuildIndependentTargetsInParallel = 1;
				LastSwiftUpdateCheck = 2630;
				LastUpgradeCheck = 2630;
				TargetAttributes = {
					0A0000000000000000000008 = {
						CreatedOnToolsVersion = 26.3;
					};
				};
			};
			buildConfigurationList = 0A0000000000000000000009 /* Build configuration list for PBXProject "Kobolink" */;
			developmentRegion = en;
			hasScannedForEncodings = 0;
			knownRegions = (
				en,
				Base,
			);
			mainGroup = 0A0000000000000000000002;
			minimizedProjectReferenceProxies = 1;
			packageReferences = (
				0A0000000000000000000012 /* XCLocalSwiftPackageReference "KobolinkKit" */,
				0A000000000000000000001A /* XCLocalSwiftPackageReference "OpenAPITooling" */,
			);
			preferredProjectObjectVersion = 77;
			productRefGroup = 0A0000000000000000000003 /* Products */;
			projectDirPath = "";
			projectRoot = "";
			targets = (
				0A0000000000000000000008 /* Kobolink */,
			);
		};
/* End PBXProject section */

/* Begin PBXResourcesBuildPhase section */
		0A0000000000000000000011 /* Resources */ = {
			isa = PBXResourcesBuildPhase;
			buildActionMask = 2147483647;
			files = (
			);
			runOnlyForDeploymentPostprocessing = 0;
		};
/* End PBXResourcesBuildPhase section */

/* Begin PBXSourcesBuildPhase section */
		0A000000000000000000000F /* Sources */ = {
			isa = PBXSourcesBuildPhase;
			buildActionMask = 2147483647;
			files = (
			);
			runOnlyForDeploymentPostprocessing = 0;
		};
/* End PBXSourcesBuildPhase section */

/* Begin XCBuildConfiguration section */
		0A000000000000000000000B /* Debug */ = {
			isa = XCBuildConfiguration;
			baseConfigurationReference = 0A0000000000000000000016 /* Debug.xcconfig */;
			buildSettings = {
				ALWAYS_SEARCH_USER_PATHS = NO;
				CLANG_ENABLE_MODULES = YES;
				CLANG_ENABLE_OBJC_ARC = YES;
				COPY_PHASE_STRIP = NO;
				DEBUG_INFORMATION_FORMAT = dwarf;
				ENABLE_STRICT_OBJC_MSGSEND = YES;
				ENABLE_TESTABILITY = YES;
				ENABLE_USER_SCRIPT_SANDBOXING = YES;
				MTL_ENABLE_DEBUG_INFO = INCLUDE_SOURCE;
				SDKROOT = iphoneos;
			};
			name = Debug;
		};
		0A000000000000000000000C /* Release */ = {
			isa = XCBuildConfiguration;
			baseConfigurationReference = 0A0000000000000000000017 /* Release.xcconfig */;
			buildSettings = {
				ALWAYS_SEARCH_USER_PATHS = NO;
				CLANG_ENABLE_MODULES = YES;
				CLANG_ENABLE_OBJC_ARC = YES;
				COPY_PHASE_STRIP = NO;
				DEBUG_INFORMATION_FORMAT = "dwarf-with-dsym";
				ENABLE_NS_ASSERTIONS = NO;
				ENABLE_STRICT_OBJC_MSGSEND = YES;
				ENABLE_USER_SCRIPT_SANDBOXING = YES;
				MTL_ENABLE_DEBUG_INFO = NO;
				SDKROOT = iphoneos;
				VALIDATE_PRODUCT = YES;
			};
			name = Release;
		};
		0A000000000000000000000D /* Debug */ = {
			isa = XCBuildConfiguration;
			buildSettings = {
				ASSETCATALOG_COMPILER_GLOBAL_ACCENT_COLOR_NAME = AccentColor;
				CODE_SIGN_STYLE = Automatic;
				GENERATE_INFOPLIST_FILE = YES;
				INFOPLIST_KEY_CFBundleDisplayName = Kobolink;
				INFOPLIST_KEY_UIApplicationSceneManifest_Generation = YES;
				INFOPLIST_KEY_UILaunchScreen_Generation = YES;
				INFOPLIST_KEY_UISupportedInterfaceOrientations_iPhone = "UIInterfaceOrientationPortrait UIInterfaceOrientationLandscapeLeft UIInterfaceOrientationLandscapeRight";
				LD_RUNPATH_SEARCH_PATHS = (
					"$(inherited)",
					"@executable_path/Frameworks",
				);
				PRODUCT_NAME = "$(TARGET_NAME)";
				SUPPORTS_MACCATALYST = NO;
				SWIFT_EMIT_LOC_STRINGS = YES;
			};
			name = Debug;
		};
		0A000000000000000000000E /* Release */ = {
			isa = XCBuildConfiguration;
			buildSettings = {
				ASSETCATALOG_COMPILER_GLOBAL_ACCENT_COLOR_NAME = AccentColor;
				CODE_SIGN_STYLE = Automatic;
				GENERATE_INFOPLIST_FILE = YES;
				INFOPLIST_KEY_CFBundleDisplayName = Kobolink;
				INFOPLIST_KEY_UIApplicationSceneManifest_Generation = YES;
				INFOPLIST_KEY_UILaunchScreen_Generation = YES;
				INFOPLIST_KEY_UISupportedInterfaceOrientations_iPhone = "UIInterfaceOrientationPortrait UIInterfaceOrientationLandscapeLeft UIInterfaceOrientationLandscapeRight";
				LD_RUNPATH_SEARCH_PATHS = (
					"$(inherited)",
					"@executable_path/Frameworks",
				);
				PRODUCT_NAME = "$(TARGET_NAME)";
				SUPPORTS_MACCATALYST = NO;
				SWIFT_EMIT_LOC_STRINGS = YES;
			};
			name = Release;
		};
/* End XCBuildConfiguration section */

/* Begin XCConfigurationList section */
		0A0000000000000000000009 /* Build configuration list for PBXProject "Kobolink" */ = {
			isa = XCConfigurationList;
			buildConfigurations = (
				0A000000000000000000000B /* Debug */,
				0A000000000000000000000C /* Release */,
			);
			defaultConfigurationIsVisible = 0;
			defaultConfigurationName = Release;
		};
		0A000000000000000000000A /* Build configuration list for PBXNativeTarget "Kobolink" */ = {
			isa = XCConfigurationList;
			buildConfigurations = (
				0A000000000000000000000D /* Debug */,
				0A000000000000000000000E /* Release */,
			);
			defaultConfigurationIsVisible = 0;
			defaultConfigurationName = Release;
		};
/* End XCConfigurationList section */

/* Begin XCLocalSwiftPackageReference section */
		0A0000000000000000000012 /* XCLocalSwiftPackageReference "KobolinkKit" */ = {
			isa = XCLocalSwiftPackageReference;
			relativePath = KobolinkKit;
		};
		0A000000000000000000001A /* XCLocalSwiftPackageReference "OpenAPITooling" */ = {
			isa = XCLocalSwiftPackageReference;
			relativePath = OpenAPITooling;
		};
/* End XCLocalSwiftPackageReference section */

/* Begin XCSwiftPackageProductDependency section */
		0A0000000000000000000013 /* KobolinkKit */ = {
			isa = XCSwiftPackageProductDependency;
			productName = KobolinkKit;
		};
/* End XCSwiftPackageProductDependency section */
	};
	rootObject = 0A0000000000000000000001 /* Project object */;
}
